
Microsoft Visual Studio Solution File, Format Version 12.00
# Visual Studio Version 17
VisualStudioVersion = 17.3.32901.215
MinimumVisualStudioVersion = 10.0.40219.1
Project("{FAE04EC0-301F-11D3-BF4B-00C04F79EFBC}") = "Predictor", "Predictor\Predictor.csproj", "{501B7EF5-65F4-497F-B5B9-FB3D2D508501}"
EndProject
Project("{FAE04EC0-301F-11D3-BF4B-00C04F79EFBC}") = "Predictor.Models", "Predictor.Models\Predictor.Models.csproj", "{259E6AA8-974B-4AAF-931C-015968DE92C9}"
EndProject
Project("{FAE04EC0-301F-11D3-BF4B-00C04F79EFBC}") = "Predictor.Services", "Predictor.Services\Predictor.Services.csproj", "{C75A210C-4A7B-43DC-89D8-BE525F8936B0}"
EndProject
Global
	GlobalSection(SolutionConfigurationPlatforms) = preSolution
		Debug|Any CPU = Debug|Any CPU
		Release|Any CPU = Release|Any CPU
	EndGlobalSection
	GlobalSection(ProjectConfigurationPlatforms) = postSolution
		{501B7EF5-65F4-497F-B5B9-FB3D2D508501}.Debug|Any CPU.ActiveCfg = Debug|Any CPU
		{501B7EF5-65F4-497F-B5B9-FB3D2D508501}.Debug|Any CPU.Build.0 = Debug|Any CPU
		{501B7EF5-65F4-497F-B5B9-FB3D2D508501}.Release|Any CPU.ActiveCfg = Release|Any CPU
		{501B7EF5-65F4-497F-B5B9-FB3D2D508501}.Release|Any CPU.Build.0 = Release|Any CPU
		{259E6AA8-974B-4AAF-931C-015968DE92C9}.Debug|Any CPU.ActiveCfg = Debug|Any CPU
		{259E6AA8-974B-4AAF-931C-015968DE92C9}.Debug|Any CPU.Build.0 = Debug|Any CPU
		{259E6AA8-974B-4AAF-931C-015968DE92C9}.Release|Any CPU.ActiveCfg = Release|Any CPU
		{259E6AA8-974B-4AAF-931C-015968DE92C9}.Release|Any CPU.Build.0 = Release|Any CPU
		{C75A210C-4A7B-43DC-89D8-BE525F8936B0}.Debug|Any CPU.ActiveCfg = Debug|Any CPU
		{C75A210C-4A7B-43DC-89D8-BE525F8936B0}.Debug|Any CPU.Build.0 = Debug|Any CPU
		{C75A210C-4A7B-43DC-89D8-BE525F8936B0}.Release|Any CPU.ActiveCfg = Release|Any CPU
		{C75A210C-4A7B-43DC-89D8-BE525F8936B0}.Release|Any CPU.Build.0 = Release|Any CPU
	EndGlobalSection
	GlobalSection(SolutionProperties) = preSolution
		HideSolutionNode = FALSE
	EndGlobalSection
	GlobalSection(ExtensibilityGlobals) = postSolution
		SolutionGuid = {B5686299-6EF8-417C-BF1A-6F6D64F83C9F}
	EndGlobalSection
EndGlobal
